
Microsoft Visual Studio Solution File, Format Version 12.00
# Visual Studio Version 17
VisualStudioVersion = 17.11.35312.102
MinimumVisualStudioVersion = 10.0.40219.1
Project("{FAE04EC0-301F-11D3-BF4B-00C04F79EFBC}") = "API", "API\API.csproj", "{D153A0C3-E86A-402C-9BBC-9CC7BDADED19}"
EndProject
Global
	GlobalSection(SolutionConfigurationPlatforms) = preSolution
		Debug|Any CPU = Debug|Any CPU
		Release|Any CPU = Release|Any CPU
	EndGlobalSection
	GlobalSection(ProjectConfigurationPlatforms) = postSolution
		{D153A0C3-E86A-402C-9BBC-9CC7BDADED19}.Debug|Any CPU.ActiveCfg = Debug|Any CPU
		{D153A0C3-E86A-402C-9BBC-9CC7BDADED19}.Debug|Any CPU.Build.0 = Debug|Any CPU
		{D153A0C3-E86A-402C-9BBC-9CC7BDADED19}.Release|Any CPU.ActiveCfg = Release|Any CPU
		{D153A0C3-E86A-402C-9BBC-9CC7BDADED19}.Release|Any CPU.Build.0 = Release|Any CPU
	EndGlobalSection
	GlobalSection(SolutionProperties) = preSolution
		HideSolutionNode = FALSE
	EndGlobalSection
	GlobalSection(ExtensibilityGlobals) = postSolution
		SolutionGuid = {0C78A8FE-201B-4305-854B-11E7B09F727F}
	EndGlobalSection
EndGlobal
